
Microsoft Visual Studio Solution File, Format Version 12.00
# Visual Studio Version 17
VisualStudioVersion = 17.14.36221.1 d17.14
MinimumVisualStudioVersion = 10.0.40219.1
Project("{FAE04EC0-301F-11D3-BF4B-00C04F79EFBC}") = "Host", "Host\Host.csproj", "{40644EEE-4D7F-4800-B68D-9087AFBA0E49}"
EndProject
Project("{FAE04EC0-301F-11D3-BF4B-00C04F79EFBC}") = "Application", "Application\Application.csproj", "{FFE18EAD-92AA-46EF-80C9-1BC233424235}"
EndProject
Project("{2150E333-8FDC-42A3-9474-1A3956D46DE8}") = "Solution", "Solution", "{8578EFB1-3D7D-46B6-A63B-A2B147064E21}"
	ProjectSection(SolutionItems) = preProject
		.gitignore = .gitignore
		.github\workflows\Build.yaml = .github\workflows\Build.yaml
		README.md = README.md
	EndProjectSection
EndProject
Project("{FAE04EC0-301F-11D3-BF4B-00C04F79EFBC}") = "Domain", "Domain\Domain.csproj", "{025CA634-2F95-41E8-BA9A-40968347B898}"
EndProject
Project("{2150E333-8FDC-42A3-9474-1A3956D46DE8}") = "Testing", "Testing", "{A9E5EBD2-F136-4009-8BA3-183C3FACC9EE}"
EndProject
Project("{FAE04EC0-301F-11D3-BF4B-00C04F79EFBC}") = "Testing.Integration", "Testing.Integration\Testing.Integration.csproj", "{8E2954D8-CE9F-4CEB-9A6D-7E4265E8B320}"
EndProject
Project("{FAE04EC0-301F-11D3-BF4B-00C04F79EFBC}") = "Testing.Unit", "Testing.Unit\Testing.Unit.csproj", "{7C28337B-AF4E-414E-B329-315C86E36975}"
EndProject
Project("{FAE04EC0-301F-11D3-BF4B-00C04F79EFBC}") = "Migrations", "Migrations\Migrations.csproj", "{E2D80D03-9E8A-4B1E-9087-356784968945}"
EndProject
Project("{FAE04EC0-301F-11D3-BF4B-00C04F79EFBC}") = "Repositories", "Repositories\Repositories.csproj", "{ACC420DA-FA06-4351-A2F1-2E467DF316E9}"
EndProject
Project("{FAE04EC0-301F-11D3-BF4B-00C04F79EFBC}") = "Persistence", "Persistence\Persistence.csproj", "{06C95A91-9DE0-4099-AE8C-590D989014C3}"
EndProject
Project("{2150E333-8FDC-42A3-9474-1A3956D46DE8}") = "Events", "Events", "{744C08F5-E265-4E24-BDCA-96533945BC1C}"
EndProject
Project("{E53339B2-1760-4266-BCC7-CA923CBCF16C}") = "docker-compose", "docker-compose.dcproj", "{81DDED9D-158B-E303-5F62-77A2896D2A5A}"
EndProject
Project("{FAE04EC0-301F-11D3-BF4B-00C04F79EFBC}") = "Migrations.Host", "Migrations.Host\Migrations.Host.csproj", "{710666C5-FE53-45B1-A89B-896DA32D8215}"
EndProject
Global
	GlobalSection(SolutionConfigurationPlatforms) = preSolution
		Debug|Any CPU = Debug|Any CPU
		Release|Any CPU = Release|Any CPU
	EndGlobalSection
	GlobalSection(ProjectConfigurationPlatforms) = postSolution
		{40644EEE-4D7F-4800-B68D-9087AFBA0E49}.Debug|Any CPU.ActiveCfg = Debug|Any CPU
		{40644EEE-4D7F-4800-B68D-9087AFBA0E49}.Debug|Any CPU.Build.0 = Debug|Any CPU
		{40644EEE-4D7F-4800-B68D-9087AFBA0E49}.Release|Any CPU.ActiveCfg = Release|Any CPU
		{40644EEE-4D7F-4800-B68D-9087AFBA0E49}.Release|Any CPU.Build.0 = Release|Any CPU
		{FFE18EAD-92AA-46EF-80C9-1BC233424235}.Debug|Any CPU.ActiveCfg = Debug|Any CPU
		{FFE18EAD-92AA-46EF-80C9-1BC233424235}.Debug|Any CPU.Build.0 = Debug|Any CPU
		{FFE18EAD-92AA-46EF-80C9-1BC233424235}.Release|Any CPU.ActiveCfg = Release|Any CPU
		{FFE18EAD-92AA-46EF-80C9-1BC233424235}.Release|Any CPU.Build.0 = Release|Any CPU
		{025CA634-2F95-41E8-BA9A-40968347B898}.Debug|Any CPU.ActiveCfg = Debug|Any CPU
		{025CA634-2F95-41E8-BA9A-40968347B898}.Debug|Any CPU.Build.0 = Debug|Any CPU
		{025CA634-2F95-41E8-BA9A-40968347B898}.Release|Any CPU.ActiveCfg = Release|Any CPU
		{025CA634-2F95-41E8-BA9A-40968347B898}.Release|Any CPU.Build.0 = Release|Any CPU
		{8E2954D8-CE9F-4CEB-9A6D-7E4265E8B320}.Debug|Any CPU.ActiveCfg = Debug|Any CPU
		{8E2954D8-CE9F-4CEB-9A6D-7E4265E8B320}.Debug|Any CPU.Build.0 = Debug|Any CPU
		{8E2954D8-CE9F-4CEB-9A6D-7E4265E8B320}.Release|Any CPU.ActiveCfg = Release|Any CPU
		{8E2954D8-CE9F-4CEB-9A6D-7E4265E8B320}.Release|Any CPU.Build.0 = Release|Any CPU
		{7C28337B-AF4E-414E-B329-315C86E36975}.Debug|Any CPU.ActiveCfg = Debug|Any CPU
		{7C28337B-AF4E-414E-B329-315C86E36975}.Debug|Any CPU.Build.0 = Debug|Any CPU
		{7C28337B-AF4E-414E-B329-315C86E36975}.Release|Any CPU.ActiveCfg = Release|Any CPU
		{7C28337B-AF4E-414E-B329-315C86E36975}.Release|Any CPU.Build.0 = Release|Any CPU
		{E2D80D03-9E8A-4B1E-9087-356784968945}.Debug|Any CPU.ActiveCfg = Debug|Any CPU
		{E2D80D03-9E8A-4B1E-9087-356784968945}.Debug|Any CPU.Build.0 = Debug|Any CPU
		{E2D80D03-9E8A-4B1E-9087-356784968945}.Release|Any CPU.ActiveCfg = Release|Any CPU
		{E2D80D03-9E8A-4B1E-9087-356784968945}.Release|Any CPU.Build.0 = Release|Any CPU
		{ACC420DA-FA06-4351-A2F1-2E467DF316E9}.Debug|Any CPU.ActiveCfg = Debug|Any CPU
		{ACC420DA-FA06-4351-A2F1-2E467DF316E9}.Debug|Any CPU.Build.0 = Debug|Any CPU
		{ACC420DA-FA06-4351-A2F1-2E467DF316E9}.Release|Any CPU.ActiveCfg = Release|Any CPU
		{ACC420DA-FA06-4351-A2F1-2E467DF316E9}.Release|Any CPU.Build.0 = Release|Any CPU
		{06C95A91-9DE0-4099-AE8C-590D989014C3}.Debug|Any CPU.ActiveCfg = Debug|Any CPU
		{06C95A91-9DE0-4099-AE8C-590D989014C3}.Debug|Any CPU.Build.0 = Debug|Any CPU
		{06C95A91-9DE0-4099-AE8C-590D989014C3}.Release|Any CPU.ActiveCfg = Release|Any CPU
		{06C95A91-9DE0-4099-AE8C-590D989014C3}.Release|Any CPU.Build.0 = Release|Any CPU
		{81DDED9D-158B-E303-5F62-77A2896D2A5A}.Debug|Any CPU.ActiveCfg = Debug|Any CPU
		{81DDED9D-158B-E303-5F62-77A2896D2A5A}.Debug|Any CPU.Build.0 = Debug|Any CPU
		{81DDED9D-158B-E303-5F62-77A2896D2A5A}.Release|Any CPU.ActiveCfg = Release|Any CPU
		{81DDED9D-158B-E303-5F62-77A2896D2A5A}.Release|Any CPU.Build.0 = Release|Any CPU
		{710666C5-FE53-45B1-A89B-896DA32D8215}.Debug|Any CPU.ActiveCfg = Debug|Any CPU
		{710666C5-FE53-45B1-A89B-896DA32D8215}.Debug|Any CPU.Build.0 = Debug|Any CPU
		{710666C5-FE53-45B1-A89B-896DA32D8215}.Release|Any CPU.ActiveCfg = Release|Any CPU
		{710666C5-FE53-45B1-A89B-896DA32D8215}.Release|Any CPU.Build.0 = Release|Any CPU
	EndGlobalSection
	GlobalSection(SolutionProperties) = preSolution
		HideSolutionNode = FALSE
	EndGlobalSection
	GlobalSection(NestedProjects) = preSolution
		{40644EEE-4D7F-4800-B68D-9087AFBA0E49} = {744C08F5-E265-4E24-BDCA-96533945BC1C}
		{FFE18EAD-92AA-46EF-80C9-1BC233424235} = {744C08F5-E265-4E24-BDCA-96533945BC1C}
		{025CA634-2F95-41E8-BA9A-40968347B898} = {744C08F5-E265-4E24-BDCA-96533945BC1C}
		{A9E5EBD2-F136-4009-8BA3-183C3FACC9EE} = {744C08F5-E265-4E24-BDCA-96533945BC1C}
		{8E2954D8-CE9F-4CEB-9A6D-7E4265E8B320} = {A9E5EBD2-F136-4009-8BA3-183C3FACC9EE}
		{7C28337B-AF4E-414E-B329-315C86E36975} = {A9E5EBD2-F136-4009-8BA3-183C3FACC9EE}
		{E2D80D03-9E8A-4B1E-9087-356784968945} = {744C08F5-E265-4E24-BDCA-96533945BC1C}
		{ACC420DA-FA06-4351-A2F1-2E467DF316E9} = {744C08F5-E265-4E24-BDCA-96533945BC1C}
		{06C95A91-9DE0-4099-AE8C-590D989014C3} = {744C08F5-E265-4E24-BDCA-96533945BC1C}
		{710666C5-FE53-45B1-A89B-896DA32D8215} = {744C08F5-E265-4E24-BDCA-96533945BC1C}
	EndGlobalSection
EndGlobal
