
Microsoft Visual Studio Solution File, Format Version 12.00
# Visual Studio Version 17
VisualStudioVersion = 17.14.36221.1 d17.14
MinimumVisualStudioVersion = 10.0.40219.1
Project("{2150E333-8FDC-42A3-9474-1A3956D46DE8}") = "Solution", "Solution", "{8578EFB1-3D7D-46B6-A63B-A2B147064E21}"
	ProjectSection(SolutionItems) = preProject
		.gitignore = .gitignore
		.github\workflows\Build.yaml = .github\workflows\Build.yaml
		README.md = README.md
	EndProjectSection
EndProject
Project("{2150E333-8FDC-42A3-9474-1A3956D46DE8}") = "Testing", "Testing", "{A9E5EBD2-F136-4009-8BA3-183C3FACC9EE}"
EndProject
Project("{2150E333-8FDC-42A3-9474-1A3956D46DE8}") = "Events", "Events", "{744C08F5-E265-4E24-BDCA-96533945BC1C}"
EndProject
Project("{E53339B2-1760-4266-BCC7-CA923CBCF16C}") = "docker-compose", "docker-compose.dcproj", "{81DDED9D-158B-E303-5F62-77A2896D2A5A}"
EndProject
Project("{FAE04EC0-301F-11D3-BF4B-00C04F79EFBC}") = "Application", "Events\Application\Application.csproj", "{5A13D7E9-47B4-475C-B6C4-8947BEDCEAF4}"
EndProject
Project("{FAE04EC0-301F-11D3-BF4B-00C04F79EFBC}") = "Domain", "Events\Domain\Domain.csproj", "{4DDA0F49-2464-417C-B9B3-BDDDA5DCFD6C}"
EndProject
Project("{FAE04EC0-301F-11D3-BF4B-00C04F79EFBC}") = "Host.Api", "Events\Host.Api\Host.Api.csproj", "{FF3F2BFC-F1F1-4158-B150-460CB7F6D810}"
EndProject
Project("{FAE04EC0-301F-11D3-BF4B-00C04F79EFBC}") = "Migrations", "Events\Migrations\Migrations.csproj", "{EAB5D62F-909E-45C9-A60F-3F767F706D60}"
EndProject
Project("{FAE04EC0-301F-11D3-BF4B-00C04F79EFBC}") = "Host.Migrations", "Events\Host.Migrations\Host.Migrations.csproj", "{211111F6-2EA8-428B-98B5-F9F2F7FC0DE0}"
EndProject
Project("{FAE04EC0-301F-11D3-BF4B-00C04F79EFBC}") = "Testing.Integration", "Events\Testing.Integration\Testing.Integration.csproj", "{0DC8E6AA-B5DD-4E42-98F3-118D8FE509B4}"
EndProject
Project("{FAE04EC0-301F-11D3-BF4B-00C04F79EFBC}") = "Testing.Unit", "Events\Testing.Unit\Testing.Unit.csproj", "{165DE302-0660-41E2-9412-D84CD9F31B32}"
EndProject
Project("{FAE04EC0-301F-11D3-BF4B-00C04F79EFBC}") = "Persistence", "Events\Persistence\Persistence.csproj", "{10A1E55D-ABB1-47FD-BF45-94D60FA30984}"
EndProject
Project("{FAE04EC0-301F-11D3-BF4B-00C04F79EFBC}") = "Host.Messaging.Outbox", "Events\Host.Messaging.Outbox\Host.Messaging.Outbox.csproj", "{55ABD74D-21F8-4BDE-BDD6-829A2D0A5F49}"
EndProject
Project("{FAE04EC0-301F-11D3-BF4B-00C04F79EFBC}") = "Integration.Messaging", "Events\Integration.Messaging\Integration.Messaging.csproj", "{F4C7CD02-3FBE-49F9-BD01-69B426B00982}"
EndProject
Project("{FAE04EC0-301F-11D3-BF4B-00C04F79EFBC}") = "Domain.Messaging", "Events\Domain.Messaging\Domain.Messaging.csproj", "{E44C8CDD-B9CA-4379-97CF-FA2CE929D48E}"
EndProject
Global
	GlobalSection(SolutionConfigurationPlatforms) = preSolution
		Debug|Any CPU = Debug|Any CPU
		Release|Any CPU = Release|Any CPU
	EndGlobalSection
	GlobalSection(ProjectConfigurationPlatforms) = postSolution
		{81DDED9D-158B-E303-5F62-77A2896D2A5A}.Debug|Any CPU.ActiveCfg = Debug|Any CPU
		{81DDED9D-158B-E303-5F62-77A2896D2A5A}.Debug|Any CPU.Build.0 = Debug|Any CPU
		{81DDED9D-158B-E303-5F62-77A2896D2A5A}.Release|Any CPU.ActiveCfg = Release|Any CPU
		{81DDED9D-158B-E303-5F62-77A2896D2A5A}.Release|Any CPU.Build.0 = Release|Any CPU
		{5A13D7E9-47B4-475C-B6C4-8947BEDCEAF4}.Debug|Any CPU.ActiveCfg = Debug|Any CPU
		{5A13D7E9-47B4-475C-B6C4-8947BEDCEAF4}.Debug|Any CPU.Build.0 = Debug|Any CPU
		{5A13D7E9-47B4-475C-B6C4-8947BEDCEAF4}.Release|Any CPU.ActiveCfg = Release|Any CPU
		{5A13D7E9-47B4-475C-B6C4-8947BEDCEAF4}.Release|Any CPU.Build.0 = Release|Any CPU
		{4DDA0F49-2464-417C-B9B3-BDDDA5DCFD6C}.Debug|Any CPU.ActiveCfg = Debug|Any CPU
		{4DDA0F49-2464-417C-B9B3-BDDDA5DCFD6C}.Debug|Any CPU.Build.0 = Debug|Any CPU
		{4DDA0F49-2464-417C-B9B3-BDDDA5DCFD6C}.Release|Any CPU.ActiveCfg = Release|Any CPU
		{4DDA0F49-2464-417C-B9B3-BDDDA5DCFD6C}.Release|Any CPU.Build.0 = Release|Any CPU
		{FF3F2BFC-F1F1-4158-B150-460CB7F6D810}.Debug|Any CPU.ActiveCfg = Debug|Any CPU
		{FF3F2BFC-F1F1-4158-B150-460CB7F6D810}.Debug|Any CPU.Build.0 = Debug|Any CPU
		{FF3F2BFC-F1F1-4158-B150-460CB7F6D810}.Release|Any CPU.ActiveCfg = Release|Any CPU
		{FF3F2BFC-F1F1-4158-B150-460CB7F6D810}.Release|Any CPU.Build.0 = Release|Any CPU
		{EAB5D62F-909E-45C9-A60F-3F767F706D60}.Debug|Any CPU.ActiveCfg = Debug|Any CPU
		{EAB5D62F-909E-45C9-A60F-3F767F706D60}.Debug|Any CPU.Build.0 = Debug|Any CPU
		{EAB5D62F-909E-45C9-A60F-3F767F706D60}.Release|Any CPU.ActiveCfg = Release|Any CPU
		{EAB5D62F-909E-45C9-A60F-3F767F706D60}.Release|Any CPU.Build.0 = Release|Any CPU
		{211111F6-2EA8-428B-98B5-F9F2F7FC0DE0}.Debug|Any CPU.ActiveCfg = Debug|Any CPU
		{211111F6-2EA8-428B-98B5-F9F2F7FC0DE0}.Debug|Any CPU.Build.0 = Debug|Any CPU
		{211111F6-2EA8-428B-98B5-F9F2F7FC0DE0}.Release|Any CPU.ActiveCfg = Release|Any CPU
		{211111F6-2EA8-428B-98B5-F9F2F7FC0DE0}.Release|Any CPU.Build.0 = Release|Any CPU
		{0DC8E6AA-B5DD-4E42-98F3-118D8FE509B4}.Debug|Any CPU.ActiveCfg = Debug|Any CPU
		{0DC8E6AA-B5DD-4E42-98F3-118D8FE509B4}.Debug|Any CPU.Build.0 = Debug|Any CPU
		{0DC8E6AA-B5DD-4E42-98F3-118D8FE509B4}.Release|Any CPU.ActiveCfg = Release|Any CPU
		{0DC8E6AA-B5DD-4E42-98F3-118D8FE509B4}.Release|Any CPU.Build.0 = Release|Any CPU
		{165DE302-0660-41E2-9412-D84CD9F31B32}.Debug|Any CPU.ActiveCfg = Debug|Any CPU
		{165DE302-0660-41E2-9412-D84CD9F31B32}.Debug|Any CPU.Build.0 = Debug|Any CPU
		{165DE302-0660-41E2-9412-D84CD9F31B32}.Release|Any CPU.ActiveCfg = Release|Any CPU
		{165DE302-0660-41E2-9412-D84CD9F31B32}.Release|Any CPU.Build.0 = Release|Any CPU
		{10A1E55D-ABB1-47FD-BF45-94D60FA30984}.Debug|Any CPU.ActiveCfg = Debug|Any CPU
		{10A1E55D-ABB1-47FD-BF45-94D60FA30984}.Debug|Any CPU.Build.0 = Debug|Any CPU
		{10A1E55D-ABB1-47FD-BF45-94D60FA30984}.Release|Any CPU.ActiveCfg = Release|Any CPU
		{10A1E55D-ABB1-47FD-BF45-94D60FA30984}.Release|Any CPU.Build.0 = Release|Any CPU
		{55ABD74D-21F8-4BDE-BDD6-829A2D0A5F49}.Debug|Any CPU.ActiveCfg = Debug|Any CPU
		{55ABD74D-21F8-4BDE-BDD6-829A2D0A5F49}.Debug|Any CPU.Build.0 = Debug|Any CPU
		{55ABD74D-21F8-4BDE-BDD6-829A2D0A5F49}.Release|Any CPU.ActiveCfg = Release|Any CPU
		{55ABD74D-21F8-4BDE-BDD6-829A2D0A5F49}.Release|Any CPU.Build.0 = Release|Any CPU
		{F4C7CD02-3FBE-49F9-BD01-69B426B00982}.Debug|Any CPU.ActiveCfg = Debug|Any CPU
		{F4C7CD02-3FBE-49F9-BD01-69B426B00982}.Debug|Any CPU.Build.0 = Debug|Any CPU
		{F4C7CD02-3FBE-49F9-BD01-69B426B00982}.Release|Any CPU.ActiveCfg = Release|Any CPU
		{F4C7CD02-3FBE-49F9-BD01-69B426B00982}.Release|Any CPU.Build.0 = Release|Any CPU
		{E44C8CDD-B9CA-4379-97CF-FA2CE929D48E}.Debug|Any CPU.ActiveCfg = Debug|Any CPU
		{E44C8CDD-B9CA-4379-97CF-FA2CE929D48E}.Debug|Any CPU.Build.0 = Debug|Any CPU
		{E44C8CDD-B9CA-4379-97CF-FA2CE929D48E}.Release|Any CPU.ActiveCfg = Release|Any CPU
		{E44C8CDD-B9CA-4379-97CF-FA2CE929D48E}.Release|Any CPU.Build.0 = Release|Any CPU
	EndGlobalSection
	GlobalSection(SolutionProperties) = preSolution
		HideSolutionNode = FALSE
	EndGlobalSection
	GlobalSection(NestedProjects) = preSolution
		{A9E5EBD2-F136-4009-8BA3-183C3FACC9EE} = {744C08F5-E265-4E24-BDCA-96533945BC1C}
		{5A13D7E9-47B4-475C-B6C4-8947BEDCEAF4} = {744C08F5-E265-4E24-BDCA-96533945BC1C}
		{4DDA0F49-2464-417C-B9B3-BDDDA5DCFD6C} = {744C08F5-E265-4E24-BDCA-96533945BC1C}
		{FF3F2BFC-F1F1-4158-B150-460CB7F6D810} = {744C08F5-E265-4E24-BDCA-96533945BC1C}
		{EAB5D62F-909E-45C9-A60F-3F767F706D60} = {744C08F5-E265-4E24-BDCA-96533945BC1C}
		{211111F6-2EA8-428B-98B5-F9F2F7FC0DE0} = {744C08F5-E265-4E24-BDCA-96533945BC1C}
		{0DC8E6AA-B5DD-4E42-98F3-118D8FE509B4} = {A9E5EBD2-F136-4009-8BA3-183C3FACC9EE}
		{165DE302-0660-41E2-9412-D84CD9F31B32} = {A9E5EBD2-F136-4009-8BA3-183C3FACC9EE}
		{10A1E55D-ABB1-47FD-BF45-94D60FA30984} = {744C08F5-E265-4E24-BDCA-96533945BC1C}
		{55ABD74D-21F8-4BDE-BDD6-829A2D0A5F49} = {744C08F5-E265-4E24-BDCA-96533945BC1C}
		{F4C7CD02-3FBE-49F9-BD01-69B426B00982} = {744C08F5-E265-4E24-BDCA-96533945BC1C}
		{E44C8CDD-B9CA-4379-97CF-FA2CE929D48E} = {744C08F5-E265-4E24-BDCA-96533945BC1C}
	EndGlobalSection
EndGlobal
