
Microsoft Visual Studio Solution File, Format Version 12.00
# Visual Studio Version 17
VisualStudioVersion = 17.14.36221.1 d17.14
MinimumVisualStudioVersion = 10.0.40219.1
Project("{2150E333-8FDC-42A3-9474-1A3956D46DE8}") = "Solution", "Solution", "{8578EFB1-3D7D-46B6-A63B-A2B147064E21}"
	ProjectSection(SolutionItems) = preProject
		.gitignore = .gitignore
		.github\workflows\Build.yaml = .github\workflows\Build.yaml
		README.md = README.md
		Observability.png = Observability.png
	EndProjectSection
EndProject
Project("{2150E333-8FDC-42A3-9474-1A3956D46DE8}") = "Testing", "Testing", "{A9E5EBD2-F136-4009-8BA3-183C3FACC9EE}"
EndProject
Project("{2150E333-8FDC-42A3-9474-1A3956D46DE8}") = "Events", "Events", "{744C08F5-E265-4E24-BDCA-96533945BC1C}"
EndProject
Project("{E53339B2-1760-4266-BCC7-CA923CBCF16C}") = "docker-compose", "docker-compose.dcproj", "{81DDED9D-158B-E303-5F62-77A2896D2A5A}"
EndProject
Project("{FAE04EC0-301F-11D3-BF4B-00C04F79EFBC}") = "Application", "Events\Application\Application.csproj", "{5A13D7E9-47B4-475C-B6C4-8947BEDCEAF4}"
EndProject
Project("{FAE04EC0-301F-11D3-BF4B-00C04F79EFBC}") = "Domain", "Events\Domain\Domain.csproj", "{4DDA0F49-2464-417C-B9B3-BDDDA5DCFD6C}"
EndProject
Project("{FAE04EC0-301F-11D3-BF4B-00C04F79EFBC}") = "Host.Api", "Events\Host.Api\Host.Api.csproj", "{FF3F2BFC-F1F1-4158-B150-460CB7F6D810}"
EndProject
Project("{FAE04EC0-301F-11D3-BF4B-00C04F79EFBC}") = "Migrations", "Events\Migrations\Migrations.csproj", "{EAB5D62F-909E-45C9-A60F-3F767F706D60}"
EndProject
Project("{FAE04EC0-301F-11D3-BF4B-00C04F79EFBC}") = "Host.Migrations", "Events\Host.Migrations\Host.Migrations.csproj", "{211111F6-2EA8-428B-98B5-F9F2F7FC0DE0}"
EndProject
Project("{FAE04EC0-301F-11D3-BF4B-00C04F79EFBC}") = "Testing.Integration", "Events\Testing.Integration\Testing.Integration.csproj", "{0DC8E6AA-B5DD-4E42-98F3-118D8FE509B4}"
EndProject
Project("{FAE04EC0-301F-11D3-BF4B-00C04F79EFBC}") = "Testing.Unit", "Events\Testing.Unit\Testing.Unit.csproj", "{165DE302-0660-41E2-9412-D84CD9F31B32}"
EndProject
Project("{FAE04EC0-301F-11D3-BF4B-00C04F79EFBC}") = "Persistence", "Events\Persistence\Persistence.csproj", "{10A1E55D-ABB1-47FD-BF45-94D60FA30984}"
EndProject
Project("{FAE04EC0-301F-11D3-BF4B-00C04F79EFBC}") = "Host.Messaging.Outbox", "Events\Host.Messaging.Outbox\Host.Messaging.Outbox.csproj", "{55ABD74D-21F8-4BDE-BDD6-829A2D0A5F49}"
EndProject
Project("{FAE04EC0-301F-11D3-BF4B-00C04F79EFBC}") = "Events.Integration.Messaging.Outbound", "Events\Events.Integration.Messaging.Outbound\Events.Integration.Messaging.Outbound.csproj", "{F4C7CD02-3FBE-49F9-BD01-69B426B00982}"
EndProject
Project("{FAE04EC0-301F-11D3-BF4B-00C04F79EFBC}") = "Domain.Messaging", "Events\Domain.Messaging\Domain.Messaging.csproj", "{E44C8CDD-B9CA-4379-97CF-FA2CE929D48E}"
EndProject
Project("{2150E333-8FDC-42A3-9474-1A3956D46DE8}") = "Tickets", "Tickets", "{60DAAFA4-26E7-431D-BBAA-5951E0EF67FE}"
EndProject
Project("{FAE04EC0-301F-11D3-BF4B-00C04F79EFBC}") = "Domain", "Tickets\Domain\Domain.csproj", "{19197738-2D70-4676-AF48-0CD67D8EAD28}"
EndProject
Project("{FAE04EC0-301F-11D3-BF4B-00C04F79EFBC}") = "Host.Messaging.Inbox", "Tickets\Host.Messaging.Inbox\Host.Messaging.Inbox.csproj", "{31BE2FEB-0648-4B5C-B765-C298F7429FFC}"
EndProject
Project("{FAE04EC0-301F-11D3-BF4B-00C04F79EFBC}") = "Host.Migrations", "Tickets\Host.Migrations\Host.Migrations.csproj", "{FBF22FCC-EC20-4993-941C-A109C0D8A609}"
EndProject
Project("{FAE04EC0-301F-11D3-BF4B-00C04F79EFBC}") = "Migrations", "Tickets\Migrations\Migrations.csproj", "{6F1EB5BC-B5AA-45FE-9883-2F2E0AA7D2BB}"
EndProject
Project("{FAE04EC0-301F-11D3-BF4B-00C04F79EFBC}") = "Persistence", "Tickets\Persistence\Persistence.csproj", "{946F91FC-9E0A-4B89-9CEF-D9F4BBF7E7F3}"
EndProject
Project("{2150E333-8FDC-42A3-9474-1A3956D46DE8}") = "Testing", "Testing", "{689C592D-E300-4B58-856E-07A4952C31BD}"
EndProject
Project("{FAE04EC0-301F-11D3-BF4B-00C04F79EFBC}") = "Tickets.Integration.Messaging.Inbound", "Tickets\Tickets.Integration.Messaging.Inbound\Tickets.Integration.Messaging.Inbound.csproj", "{1AEF4ED4-24B5-4E69-8C18-715AD504259A}"
EndProject
Project("{2150E333-8FDC-42A3-9474-1A3956D46DE8}") = "Users", "Users", "{BCFB3725-EC78-4F2C-A5DE-198CE72A6CF6}"
EndProject
Project("{FAE04EC0-301F-11D3-BF4B-00C04F79EFBC}") = "Persistence", "Users\Persistence\Persistence.csproj", "{55E224C3-4383-4592-A863-E6B3EB605D76}"
EndProject
Project("{FAE04EC0-301F-11D3-BF4B-00C04F79EFBC}") = "Migrations", "Users\Migrations\Migrations.csproj", "{CBE041AC-C767-4E84-976A-869A2EE669E4}"
EndProject
Project("{FAE04EC0-301F-11D3-BF4B-00C04F79EFBC}") = "Users.Integration.Messaging.Outbound", "Users\Users.Integration.Messaging.Outbound\Users.Integration.Messaging.Outbound.csproj", "{4AEFF0A2-826E-47D3-9638-0A1251196643}"
EndProject
Project("{FAE04EC0-301F-11D3-BF4B-00C04F79EFBC}") = "Host.Migrations", "Users\Host.Migrations\Host.Migrations.csproj", "{9F961E22-D15D-44AE-A1F6-D05960D6E692}"
EndProject
Project("{FAE04EC0-301F-11D3-BF4B-00C04F79EFBC}") = "Host.Messaging.Outbox", "Users\Host.Messaging.Outbox\Host.Messaging.Outbox.csproj", "{5BA05496-AB88-4AC6-9A41-6BDBF263AE47}"
EndProject
Project("{FAE04EC0-301F-11D3-BF4B-00C04F79EFBC}") = "Host.Api", "Users\Host.Api\Host.Api.csproj", "{30E488C0-FCEF-41D9-AD84-3938801D2F1D}"
EndProject
Project("{FAE04EC0-301F-11D3-BF4B-00C04F79EFBC}") = "Domain.Messaging", "Users\Domain.Messaging\Domain.Messaging.csproj", "{2A227EE5-C5FB-4767-A902-26B2CDBE171B}"
EndProject
Project("{FAE04EC0-301F-11D3-BF4B-00C04F79EFBC}") = "Domain", "Users\Domain\Domain.csproj", "{4CF43E08-0075-4B2E-9D20-9A0F93938A7A}"
EndProject
Project("{FAE04EC0-301F-11D3-BF4B-00C04F79EFBC}") = "Application", "Users\Application\Application.csproj", "{B2A0ED57-C753-4B55-8F56-1C675CF7B19C}"
EndProject
Project("{2150E333-8FDC-42A3-9474-1A3956D46DE8}") = "Testing", "Testing", "{ECA7875C-B1AB-4D8C-B043-9AC547928156}"
EndProject
Project("{FAE04EC0-301F-11D3-BF4B-00C04F79EFBC}") = "Testing.Integration", "Users\Testing.Integration\Testing.Integration.csproj", "{42A8C2F4-F422-4AD1-8751-E0F6D6F6B9B3}"
EndProject
Project("{FAE04EC0-301F-11D3-BF4B-00C04F79EFBC}") = "Testing.Unit", "Users\Testing.Unit\Testing.Unit.csproj", "{D35013FB-7FD5-4B21-8E87-43C5C3B152C3}"
EndProject
Global
	GlobalSection(SolutionConfigurationPlatforms) = preSolution
		Debug|Any CPU = Debug|Any CPU
		Release|Any CPU = Release|Any CPU
	EndGlobalSection
	GlobalSection(ProjectConfigurationPlatforms) = postSolution
		{81DDED9D-158B-E303-5F62-77A2896D2A5A}.Debug|Any CPU.ActiveCfg = Debug|Any CPU
		{81DDED9D-158B-E303-5F62-77A2896D2A5A}.Debug|Any CPU.Build.0 = Debug|Any CPU
		{81DDED9D-158B-E303-5F62-77A2896D2A5A}.Release|Any CPU.ActiveCfg = Release|Any CPU
		{81DDED9D-158B-E303-5F62-77A2896D2A5A}.Release|Any CPU.Build.0 = Release|Any CPU
		{5A13D7E9-47B4-475C-B6C4-8947BEDCEAF4}.Debug|Any CPU.ActiveCfg = Debug|Any CPU
		{5A13D7E9-47B4-475C-B6C4-8947BEDCEAF4}.Debug|Any CPU.Build.0 = Debug|Any CPU
		{5A13D7E9-47B4-475C-B6C4-8947BEDCEAF4}.Release|Any CPU.ActiveCfg = Release|Any CPU
		{5A13D7E9-47B4-475C-B6C4-8947BEDCEAF4}.Release|Any CPU.Build.0 = Release|Any CPU
		{4DDA0F49-2464-417C-B9B3-BDDDA5DCFD6C}.Debug|Any CPU.ActiveCfg = Debug|Any CPU
		{4DDA0F49-2464-417C-B9B3-BDDDA5DCFD6C}.Debug|Any CPU.Build.0 = Debug|Any CPU
		{4DDA0F49-2464-417C-B9B3-BDDDA5DCFD6C}.Release|Any CPU.ActiveCfg = Release|Any CPU
		{4DDA0F49-2464-417C-B9B3-BDDDA5DCFD6C}.Release|Any CPU.Build.0 = Release|Any CPU
		{FF3F2BFC-F1F1-4158-B150-460CB7F6D810}.Debug|Any CPU.ActiveCfg = Debug|Any CPU
		{FF3F2BFC-F1F1-4158-B150-460CB7F6D810}.Debug|Any CPU.Build.0 = Debug|Any CPU
		{FF3F2BFC-F1F1-4158-B150-460CB7F6D810}.Release|Any CPU.ActiveCfg = Release|Any CPU
		{FF3F2BFC-F1F1-4158-B150-460CB7F6D810}.Release|Any CPU.Build.0 = Release|Any CPU
		{EAB5D62F-909E-45C9-A60F-3F767F706D60}.Debug|Any CPU.ActiveCfg = Debug|Any CPU
		{EAB5D62F-909E-45C9-A60F-3F767F706D60}.Debug|Any CPU.Build.0 = Debug|Any CPU
		{EAB5D62F-909E-45C9-A60F-3F767F706D60}.Release|Any CPU.ActiveCfg = Release|Any CPU
		{EAB5D62F-909E-45C9-A60F-3F767F706D60}.Release|Any CPU.Build.0 = Release|Any CPU
		{211111F6-2EA8-428B-98B5-F9F2F7FC0DE0}.Debug|Any CPU.ActiveCfg = Debug|Any CPU
		{211111F6-2EA8-428B-98B5-F9F2F7FC0DE0}.Debug|Any CPU.Build.0 = Debug|Any CPU
		{211111F6-2EA8-428B-98B5-F9F2F7FC0DE0}.Release|Any CPU.ActiveCfg = Release|Any CPU
		{211111F6-2EA8-428B-98B5-F9F2F7FC0DE0}.Release|Any CPU.Build.0 = Release|Any CPU
		{0DC8E6AA-B5DD-4E42-98F3-118D8FE509B4}.Debug|Any CPU.ActiveCfg = Debug|Any CPU
		{0DC8E6AA-B5DD-4E42-98F3-118D8FE509B4}.Debug|Any CPU.Build.0 = Debug|Any CPU
		{0DC8E6AA-B5DD-4E42-98F3-118D8FE509B4}.Release|Any CPU.ActiveCfg = Release|Any CPU
		{0DC8E6AA-B5DD-4E42-98F3-118D8FE509B4}.Release|Any CPU.Build.0 = Release|Any CPU
		{165DE302-0660-41E2-9412-D84CD9F31B32}.Debug|Any CPU.ActiveCfg = Debug|Any CPU
		{165DE302-0660-41E2-9412-D84CD9F31B32}.Debug|Any CPU.Build.0 = Debug|Any CPU
		{165DE302-0660-41E2-9412-D84CD9F31B32}.Release|Any CPU.ActiveCfg = Release|Any CPU
		{165DE302-0660-41E2-9412-D84CD9F31B32}.Release|Any CPU.Build.0 = Release|Any CPU
		{10A1E55D-ABB1-47FD-BF45-94D60FA30984}.Debug|Any CPU.ActiveCfg = Debug|Any CPU
		{10A1E55D-ABB1-47FD-BF45-94D60FA30984}.Debug|Any CPU.Build.0 = Debug|Any CPU
		{10A1E55D-ABB1-47FD-BF45-94D60FA30984}.Release|Any CPU.ActiveCfg = Release|Any CPU
		{10A1E55D-ABB1-47FD-BF45-94D60FA30984}.Release|Any CPU.Build.0 = Release|Any CPU
		{55ABD74D-21F8-4BDE-BDD6-829A2D0A5F49}.Debug|Any CPU.ActiveCfg = Debug|Any CPU
		{55ABD74D-21F8-4BDE-BDD6-829A2D0A5F49}.Debug|Any CPU.Build.0 = Debug|Any CPU
		{55ABD74D-21F8-4BDE-BDD6-829A2D0A5F49}.Release|Any CPU.ActiveCfg = Release|Any CPU
		{55ABD74D-21F8-4BDE-BDD6-829A2D0A5F49}.Release|Any CPU.Build.0 = Release|Any CPU
		{F4C7CD02-3FBE-49F9-BD01-69B426B00982}.Debug|Any CPU.ActiveCfg = Debug|Any CPU
		{F4C7CD02-3FBE-49F9-BD01-69B426B00982}.Debug|Any CPU.Build.0 = Debug|Any CPU
		{F4C7CD02-3FBE-49F9-BD01-69B426B00982}.Release|Any CPU.ActiveCfg = Release|Any CPU
		{F4C7CD02-3FBE-49F9-BD01-69B426B00982}.Release|Any CPU.Build.0 = Release|Any CPU
		{E44C8CDD-B9CA-4379-97CF-FA2CE929D48E}.Debug|Any CPU.ActiveCfg = Debug|Any CPU
		{E44C8CDD-B9CA-4379-97CF-FA2CE929D48E}.Debug|Any CPU.Build.0 = Debug|Any CPU
		{E44C8CDD-B9CA-4379-97CF-FA2CE929D48E}.Release|Any CPU.ActiveCfg = Release|Any CPU
		{E44C8CDD-B9CA-4379-97CF-FA2CE929D48E}.Release|Any CPU.Build.0 = Release|Any CPU
		{19197738-2D70-4676-AF48-0CD67D8EAD28}.Debug|Any CPU.ActiveCfg = Debug|Any CPU
		{19197738-2D70-4676-AF48-0CD67D8EAD28}.Debug|Any CPU.Build.0 = Debug|Any CPU
		{19197738-2D70-4676-AF48-0CD67D8EAD28}.Release|Any CPU.ActiveCfg = Release|Any CPU
		{19197738-2D70-4676-AF48-0CD67D8EAD28}.Release|Any CPU.Build.0 = Release|Any CPU
		{31BE2FEB-0648-4B5C-B765-C298F7429FFC}.Debug|Any CPU.ActiveCfg = Debug|Any CPU
		{31BE2FEB-0648-4B5C-B765-C298F7429FFC}.Debug|Any CPU.Build.0 = Debug|Any CPU
		{31BE2FEB-0648-4B5C-B765-C298F7429FFC}.Release|Any CPU.ActiveCfg = Release|Any CPU
		{31BE2FEB-0648-4B5C-B765-C298F7429FFC}.Release|Any CPU.Build.0 = Release|Any CPU
		{FBF22FCC-EC20-4993-941C-A109C0D8A609}.Debug|Any CPU.ActiveCfg = Debug|Any CPU
		{FBF22FCC-EC20-4993-941C-A109C0D8A609}.Debug|Any CPU.Build.0 = Debug|Any CPU
		{FBF22FCC-EC20-4993-941C-A109C0D8A609}.Release|Any CPU.ActiveCfg = Release|Any CPU
		{FBF22FCC-EC20-4993-941C-A109C0D8A609}.Release|Any CPU.Build.0 = Release|Any CPU
		{6F1EB5BC-B5AA-45FE-9883-2F2E0AA7D2BB}.Debug|Any CPU.ActiveCfg = Debug|Any CPU
		{6F1EB5BC-B5AA-45FE-9883-2F2E0AA7D2BB}.Debug|Any CPU.Build.0 = Debug|Any CPU
		{6F1EB5BC-B5AA-45FE-9883-2F2E0AA7D2BB}.Release|Any CPU.ActiveCfg = Release|Any CPU
		{6F1EB5BC-B5AA-45FE-9883-2F2E0AA7D2BB}.Release|Any CPU.Build.0 = Release|Any CPU
		{946F91FC-9E0A-4B89-9CEF-D9F4BBF7E7F3}.Debug|Any CPU.ActiveCfg = Debug|Any CPU
		{946F91FC-9E0A-4B89-9CEF-D9F4BBF7E7F3}.Debug|Any CPU.Build.0 = Debug|Any CPU
		{946F91FC-9E0A-4B89-9CEF-D9F4BBF7E7F3}.Release|Any CPU.ActiveCfg = Release|Any CPU
		{946F91FC-9E0A-4B89-9CEF-D9F4BBF7E7F3}.Release|Any CPU.Build.0 = Release|Any CPU
		{1AEF4ED4-24B5-4E69-8C18-715AD504259A}.Debug|Any CPU.ActiveCfg = Debug|Any CPU
		{1AEF4ED4-24B5-4E69-8C18-715AD504259A}.Debug|Any CPU.Build.0 = Debug|Any CPU
		{1AEF4ED4-24B5-4E69-8C18-715AD504259A}.Release|Any CPU.ActiveCfg = Release|Any CPU
		{1AEF4ED4-24B5-4E69-8C18-715AD504259A}.Release|Any CPU.Build.0 = Release|Any CPU
		{55E224C3-4383-4592-A863-E6B3EB605D76}.Debug|Any CPU.ActiveCfg = Debug|Any CPU
		{55E224C3-4383-4592-A863-E6B3EB605D76}.Debug|Any CPU.Build.0 = Debug|Any CPU
		{55E224C3-4383-4592-A863-E6B3EB605D76}.Release|Any CPU.ActiveCfg = Release|Any CPU
		{55E224C3-4383-4592-A863-E6B3EB605D76}.Release|Any CPU.Build.0 = Release|Any CPU
		{CBE041AC-C767-4E84-976A-869A2EE669E4}.Debug|Any CPU.ActiveCfg = Debug|Any CPU
		{CBE041AC-C767-4E84-976A-869A2EE669E4}.Debug|Any CPU.Build.0 = Debug|Any CPU
		{CBE041AC-C767-4E84-976A-869A2EE669E4}.Release|Any CPU.ActiveCfg = Release|Any CPU
		{CBE041AC-C767-4E84-976A-869A2EE669E4}.Release|Any CPU.Build.0 = Release|Any CPU
		{4AEFF0A2-826E-47D3-9638-0A1251196643}.Debug|Any CPU.ActiveCfg = Debug|Any CPU
		{4AEFF0A2-826E-47D3-9638-0A1251196643}.Debug|Any CPU.Build.0 = Debug|Any CPU
		{4AEFF0A2-826E-47D3-9638-0A1251196643}.Release|Any CPU.ActiveCfg = Release|Any CPU
		{4AEFF0A2-826E-47D3-9638-0A1251196643}.Release|Any CPU.Build.0 = Release|Any CPU
		{9F961E22-D15D-44AE-A1F6-D05960D6E692}.Debug|Any CPU.ActiveCfg = Debug|Any CPU
		{9F961E22-D15D-44AE-A1F6-D05960D6E692}.Debug|Any CPU.Build.0 = Debug|Any CPU
		{9F961E22-D15D-44AE-A1F6-D05960D6E692}.Release|Any CPU.ActiveCfg = Release|Any CPU
		{9F961E22-D15D-44AE-A1F6-D05960D6E692}.Release|Any CPU.Build.0 = Release|Any CPU
		{5BA05496-AB88-4AC6-9A41-6BDBF263AE47}.Debug|Any CPU.ActiveCfg = Debug|Any CPU
		{5BA05496-AB88-4AC6-9A41-6BDBF263AE47}.Debug|Any CPU.Build.0 = Debug|Any CPU
		{5BA05496-AB88-4AC6-9A41-6BDBF263AE47}.Release|Any CPU.ActiveCfg = Release|Any CPU
		{5BA05496-AB88-4AC6-9A41-6BDBF263AE47}.Release|Any CPU.Build.0 = Release|Any CPU
		{30E488C0-FCEF-41D9-AD84-3938801D2F1D}.Debug|Any CPU.ActiveCfg = Debug|Any CPU
		{30E488C0-FCEF-41D9-AD84-3938801D2F1D}.Debug|Any CPU.Build.0 = Debug|Any CPU
		{30E488C0-FCEF-41D9-AD84-3938801D2F1D}.Release|Any CPU.ActiveCfg = Release|Any CPU
		{30E488C0-FCEF-41D9-AD84-3938801D2F1D}.Release|Any CPU.Build.0 = Release|Any CPU
		{2A227EE5-C5FB-4767-A902-26B2CDBE171B}.Debug|Any CPU.ActiveCfg = Debug|Any CPU
		{2A227EE5-C5FB-4767-A902-26B2CDBE171B}.Debug|Any CPU.Build.0 = Debug|Any CPU
		{2A227EE5-C5FB-4767-A902-26B2CDBE171B}.Release|Any CPU.ActiveCfg = Release|Any CPU
		{2A227EE5-C5FB-4767-A902-26B2CDBE171B}.Release|Any CPU.Build.0 = Release|Any CPU
		{4CF43E08-0075-4B2E-9D20-9A0F93938A7A}.Debug|Any CPU.ActiveCfg = Debug|Any CPU
		{4CF43E08-0075-4B2E-9D20-9A0F93938A7A}.Debug|Any CPU.Build.0 = Debug|Any CPU
		{4CF43E08-0075-4B2E-9D20-9A0F93938A7A}.Release|Any CPU.ActiveCfg = Release|Any CPU
		{4CF43E08-0075-4B2E-9D20-9A0F93938A7A}.Release|Any CPU.Build.0 = Release|Any CPU
		{B2A0ED57-C753-4B55-8F56-1C675CF7B19C}.Debug|Any CPU.ActiveCfg = Debug|Any CPU
		{B2A0ED57-C753-4B55-8F56-1C675CF7B19C}.Debug|Any CPU.Build.0 = Debug|Any CPU
		{B2A0ED57-C753-4B55-8F56-1C675CF7B19C}.Release|Any CPU.ActiveCfg = Release|Any CPU
		{B2A0ED57-C753-4B55-8F56-1C675CF7B19C}.Release|Any CPU.Build.0 = Release|Any CPU
		{42A8C2F4-F422-4AD1-8751-E0F6D6F6B9B3}.Debug|Any CPU.ActiveCfg = Debug|Any CPU
		{42A8C2F4-F422-4AD1-8751-E0F6D6F6B9B3}.Debug|Any CPU.Build.0 = Debug|Any CPU
		{42A8C2F4-F422-4AD1-8751-E0F6D6F6B9B3}.Release|Any CPU.ActiveCfg = Release|Any CPU
		{42A8C2F4-F422-4AD1-8751-E0F6D6F6B9B3}.Release|Any CPU.Build.0 = Release|Any CPU
		{D35013FB-7FD5-4B21-8E87-43C5C3B152C3}.Debug|Any CPU.ActiveCfg = Debug|Any CPU
		{D35013FB-7FD5-4B21-8E87-43C5C3B152C3}.Debug|Any CPU.Build.0 = Debug|Any CPU
		{D35013FB-7FD5-4B21-8E87-43C5C3B152C3}.Release|Any CPU.ActiveCfg = Release|Any CPU
		{D35013FB-7FD5-4B21-8E87-43C5C3B152C3}.Release|Any CPU.Build.0 = Release|Any CPU
	EndGlobalSection
	GlobalSection(SolutionProperties) = preSolution
		HideSolutionNode = FALSE
	EndGlobalSection
	GlobalSection(NestedProjects) = preSolution
		{A9E5EBD2-F136-4009-8BA3-183C3FACC9EE} = {744C08F5-E265-4E24-BDCA-96533945BC1C}
		{5A13D7E9-47B4-475C-B6C4-8947BEDCEAF4} = {744C08F5-E265-4E24-BDCA-96533945BC1C}
		{4DDA0F49-2464-417C-B9B3-BDDDA5DCFD6C} = {744C08F5-E265-4E24-BDCA-96533945BC1C}
		{FF3F2BFC-F1F1-4158-B150-460CB7F6D810} = {744C08F5-E265-4E24-BDCA-96533945BC1C}
		{EAB5D62F-909E-45C9-A60F-3F767F706D60} = {744C08F5-E265-4E24-BDCA-96533945BC1C}
		{211111F6-2EA8-428B-98B5-F9F2F7FC0DE0} = {744C08F5-E265-4E24-BDCA-96533945BC1C}
		{0DC8E6AA-B5DD-4E42-98F3-118D8FE509B4} = {A9E5EBD2-F136-4009-8BA3-183C3FACC9EE}
		{165DE302-0660-41E2-9412-D84CD9F31B32} = {A9E5EBD2-F136-4009-8BA3-183C3FACC9EE}
		{10A1E55D-ABB1-47FD-BF45-94D60FA30984} = {744C08F5-E265-4E24-BDCA-96533945BC1C}
		{55ABD74D-21F8-4BDE-BDD6-829A2D0A5F49} = {744C08F5-E265-4E24-BDCA-96533945BC1C}
		{F4C7CD02-3FBE-49F9-BD01-69B426B00982} = {744C08F5-E265-4E24-BDCA-96533945BC1C}
		{E44C8CDD-B9CA-4379-97CF-FA2CE929D48E} = {744C08F5-E265-4E24-BDCA-96533945BC1C}
		{19197738-2D70-4676-AF48-0CD67D8EAD28} = {60DAAFA4-26E7-431D-BBAA-5951E0EF67FE}
		{31BE2FEB-0648-4B5C-B765-C298F7429FFC} = {60DAAFA4-26E7-431D-BBAA-5951E0EF67FE}
		{FBF22FCC-EC20-4993-941C-A109C0D8A609} = {60DAAFA4-26E7-431D-BBAA-5951E0EF67FE}
		{6F1EB5BC-B5AA-45FE-9883-2F2E0AA7D2BB} = {60DAAFA4-26E7-431D-BBAA-5951E0EF67FE}
		{946F91FC-9E0A-4B89-9CEF-D9F4BBF7E7F3} = {60DAAFA4-26E7-431D-BBAA-5951E0EF67FE}
		{689C592D-E300-4B58-856E-07A4952C31BD} = {60DAAFA4-26E7-431D-BBAA-5951E0EF67FE}
		{1AEF4ED4-24B5-4E69-8C18-715AD504259A} = {60DAAFA4-26E7-431D-BBAA-5951E0EF67FE}
		{55E224C3-4383-4592-A863-E6B3EB605D76} = {BCFB3725-EC78-4F2C-A5DE-198CE72A6CF6}
		{CBE041AC-C767-4E84-976A-869A2EE669E4} = {BCFB3725-EC78-4F2C-A5DE-198CE72A6CF6}
		{4AEFF0A2-826E-47D3-9638-0A1251196643} = {BCFB3725-EC78-4F2C-A5DE-198CE72A6CF6}
		{9F961E22-D15D-44AE-A1F6-D05960D6E692} = {BCFB3725-EC78-4F2C-A5DE-198CE72A6CF6}
		{5BA05496-AB88-4AC6-9A41-6BDBF263AE47} = {BCFB3725-EC78-4F2C-A5DE-198CE72A6CF6}
		{30E488C0-FCEF-41D9-AD84-3938801D2F1D} = {BCFB3725-EC78-4F2C-A5DE-198CE72A6CF6}
		{2A227EE5-C5FB-4767-A902-26B2CDBE171B} = {BCFB3725-EC78-4F2C-A5DE-198CE72A6CF6}
		{4CF43E08-0075-4B2E-9D20-9A0F93938A7A} = {BCFB3725-EC78-4F2C-A5DE-198CE72A6CF6}
		{B2A0ED57-C753-4B55-8F56-1C675CF7B19C} = {BCFB3725-EC78-4F2C-A5DE-198CE72A6CF6}
		{ECA7875C-B1AB-4D8C-B043-9AC547928156} = {BCFB3725-EC78-4F2C-A5DE-198CE72A6CF6}
		{42A8C2F4-F422-4AD1-8751-E0F6D6F6B9B3} = {ECA7875C-B1AB-4D8C-B043-9AC547928156}
		{D35013FB-7FD5-4B21-8E87-43C5C3B152C3} = {ECA7875C-B1AB-4D8C-B043-9AC547928156}
	EndGlobalSection
EndGlobal
